// !$*UTF8*$!
{
	archiveVersion = 1;
	classes = {
	};
	objectVersion = 50;
	objects = {

/* Begin PBXBuildFile section */
		15543ED42457421700DE5F94 /* AppDelegate.swift in Sources */ = {isa = PBXBuildFile; fileRef = 15543ED32457421700DE5F94 /* AppDelegate.swift */; };
		15543ED62457421700DE5F94 /* SceneDelegate.swift in Sources */ = {isa = PBXBuildFile; fileRef = 15543ED52457421700DE5F94 /* SceneDelegate.swift */; };
		15543ED82457421700DE5F94 /* ViewController.swift in Sources */ = {isa = PBXBuildFile; fileRef = 15543ED72457421700DE5F94 /* ViewController.swift */; };
		15543EDB2457421700DE5F94 /* Main.storyboard in Resources */ = {isa = PBXBuildFile; fileRef = 15543ED92457421700DE5F94 /* Main.storyboard */; };
		15543EDD2457421B00DE5F94 /* Assets.xcassets in Resources */ = {isa = PBXBuildFile; fileRef = 15543EDC2457421B00DE5F94 /* Assets.xcassets */; };
		15543EE02457421B00DE5F94 /* LaunchScreen.storyboard in Resources */ = {isa = PBXBuildFile; fileRef = 15543EDE2457421B00DE5F94 /* LaunchScreen.storyboard */; };
		15543EE82457422D00DE5F94 /* Question.swift in Sources */ = {isa = PBXBuildFile; fileRef = 15543EE72457422D00DE5F94 /* Question.swift */; };
		15543EEA245742A300DE5F94 /* QuizModel.swift in Sources */ = {isa = PBXBuildFile; fileRef = 15543EE9245742A300DE5F94 /* QuizModel.swift */; };
		15543EEC2458D73300DE5F94 /* QuestionData.json in Resources */ = {isa = PBXBuildFile; fileRef = 15543EEB2458D73300DE5F94 /* QuestionData.json */; };
		15939DE5245A13A3001F854E /* ResultViewController.swift in Sources */ = {isa = PBXBuildFile; fileRef = 15939DE4245A13A3001F854E /* ResultViewController.swift */; };
		15939DE7245A3586001F854E /* StateManager.swift in Sources */ = {isa = PBXBuildFile; fileRef = 15939DE6245A3586001F854E /* StateManager.swift */; };
/* End PBXBuildFile section */

/* Begin PBXFileReference section */
		15543ED02457421700DE5F94 /* QuizApp.app */ = {isa = PBXFileReference; explicitFileType = wrapper.application; includeInIndex = 0; path = QuizApp.app; sourceTree = BUILT_PRODUCTS_DIR; };
		15543ED32457421700DE5F94 /* AppDelegate.swift */ = {isa = PBXFileReference; lastKnownFileType = sourcecode.swift; path = AppDelegate.swift; sourceTree = "<group>"; };
		15543ED52457421700DE5F94 /* SceneDelegate.swift */ = {isa = PBXFileReference; lastKnownFileType = sourcecode.swift; path = SceneDelegate.swift; sourceTree = "<group>"; };
		15543ED72457421700DE5F94 /* ViewController.swift */ = {isa = PBXFileReference; lastKnownFileType = sourcecode.swift; path = ViewController.swift; sourceTree = "<group>"; };
		15543EDA2457421700DE5F94 /* Base */ = {isa = PBXFileReference; lastKnownFileType = file.storyboard; name = Base; path = Base.lproj/Main.storyboard; sourceTree = "<group>"; };
		15543EDC2457421B00DE5F94 /* Assets.xcassets */ = {isa = PBXFileReference; lastKnownFileType = folder.assetcatalog; path = Assets.xcassets; sourceTree = "<group>"; };
		15543EDF2457421B00DE5F94 /* Base */ = {isa = PBXFileReference; lastKnownFileType = file.storyboard; name = Base; path = Base.lproj/LaunchScreen.storyboard; sourceTree = "<group>"; };
		15543EE12457421B00DE5F94 /* Info.plist */ = {isa = PBXFileReference; lastKnownFileType = text.plist.xml; path = Info.plist; sourceTree = "<group>"; };
		15543EE72457422D00DE5F94 /* Question.swift */ = {isa = PBXFileReference; lastKnownFileType = sourcecode.swift; path = Question.swift; sourceTree = "<group>"; };
		15543EE9245742A300DE5F94 /* QuizModel.swift */ = {isa = PBXFileReference; lastKnownFileType = sourcecode.swift; path = QuizModel.swift; sourceTree = "<group>"; };
		15543EEB2458D73300DE5F94 /* QuestionData.json */ = {isa = PBXFileReference; fileEncoding = 4; lastKnownFileType = text.json; path = QuestionData.json; sourceTree = "<group>"; };
		15939DE4245A13A3001F854E /* ResultViewController.swift */ = {isa = PBXFileReference; lastKnownFileType = sourcecode.swift; path = ResultViewController.swift; sourceTree = "<group>"; };
		15939DE6245A3586001F854E /* StateManager.swift */ = {isa = PBXFileReference; lastKnownFileType = sourcecode.swift; path = StateManager.swift; sourceTree = "<group>"; };
/* End PBXFileReference section */

/* Begin PBXFrameworksBuildPhase section */
		15543ECD2457421700DE5F94 /* Frameworks */ = {
			isa = PBXFrameworksBuildPhase;
			buildActionMask = 2147483647;
			files = (
			);
			runOnlyForDeploymentPostprocessing = 0;
		};
/* End PBXFrameworksBuildPhase section */

/* Begin PBXGroup section */
		15543EC72457421700DE5F94 = {
			isa = PBXGroup;
			children = (
				15543ED22457421700DE5F94 /* QuizApp */,
				15543ED12457421700DE5F94 /* Products */,
			);
			sourceTree = "<group>";
		};
		15543ED12457421700DE5F94 /* Products */ = {
			isa = PBXGroup;
			children = (
				15543ED02457421700DE5F94 /* QuizApp.app */,
			);
			name = Products;
			sourceTree = "<group>";
		};
		15543ED22457421700DE5F94 /* QuizApp */ = {
			isa = PBXGroup;
			children = (
				15543EE9245742A300DE5F94 /* QuizModel.swift */,
				15543EE72457422D00DE5F94 /* Question.swift */,
				15543ED32457421700DE5F94 /* AppDelegate.swift */,
				15543ED52457421700DE5F94 /* SceneDelegate.swift */,
				15543ED72457421700DE5F94 /* ViewController.swift */,
				15939DE4245A13A3001F854E /* ResultViewController.swift */,
				15939DE6245A3586001F854E /* StateManager.swift */,
				15543ED92457421700DE5F94 /* Main.storyboard */,
				15543EDC2457421B00DE5F94 /* Assets.xcassets */,
				15543EEB2458D73300DE5F94 /* QuestionData.json */,
				15543EDE2457421B00DE5F94 /* LaunchScreen.storyboard */,
				15543EE12457421B00DE5F94 /* Info.plist */,
			);
			path = QuizApp;
			sourceTree = "<group>";
		};
/* End PBXGroup section */

/* Begin PBXNativeTarget section */
		15543ECF2457421700DE5F94 /* QuizApp */ = {
			isa = PBXNativeTarget;
			buildConfigurationList = 15543EE42457421B00DE5F94 /* Build configuration list for PBXNativeTarget "QuizApp" */;
			buildPhases = (
				15543ECC2457421700DE5F94 /* Sources */,
				15543ECD2457421700DE5F94 /* Frameworks */,
				15543ECE2457421700DE5F94 /* Resources */,
			);
			buildRules = (
			);
			dependencies = (
			);
			name = QuizApp;
			productName = QuizApp;
			productReference = 15543ED02457421700DE5F94 /* QuizApp.app */;
			productType = "com.apple.product-type.application";
		};
/* End PBXNativeTarget section */

/* Begin PBXProject section */
		15543EC82457421700DE5F94 /* Project object */ = {
			isa = PBXProject;
			attributes = {
				LastSwiftUpdateCheck = 1110;
				LastUpgradeCheck = 1110;
				ORGANIZATIONNAME = lsp;
				TargetAttributes = {
					15543ECF2457421700DE5F94 = {
						CreatedOnToolsVersion = 11.1;
					};
				};
			};
			buildConfigurationList = 15543ECB2457421700DE5F94 /* Build configuration list for PBXProject "QuizApp" */;
			compatibilityVersion = "Xcode 9.3";
			developmentRegion = en;
			hasScannedForEncodings = 0;
			knownRegions = (
				en,
				Base,
			);
			mainGroup = 15543EC72457421700DE5F94;
			productRefGroup = 15543ED12457421700DE5F94 /* Products */;
			projectDirPath = "";
			projectRoot = "";
			targets = (
				15543ECF2457421700DE5F94 /* QuizApp */,
			);
		};
/* End PBXProject section */

/* Begin PBXResourcesBuildPhase section */
		15543ECE2457421700DE5F94 /* Resources */ = {
			isa = PBXResourcesBuildPhase;
			buildActionMask = 2147483647;
			files = (
				15543EE02457421B00DE5F94 /* LaunchScreen.storyboard in Resources */,
				15543EDD2457421B00DE5F94 /* Assets.xcassets in Resources */,
				15543EDB2457421700DE5F94 /* Main.storyboard in Resources */,
				15543EEC2458D73300DE5F94 /* QuestionData.json in Resources */,
			);
			runOnlyForDeploymentPostprocessing = 0;
		};
/* End PBXResourcesBuildPhase section */

/* Begin PBXSourcesBuildPhase section */
		15543ECC2457421700DE5F94 /* Sources */ = {
			isa = PBXSourcesBuildPhase;
			buildActionMask = 2147483647;
			files = (
				15543ED82457421700DE5F94 /* ViewController.swift in Sources */,
				15543EE82457422D00DE5F94 /* Question.swift in Sources */,
				15543ED42457421700DE5F94 /* AppDelegate.swift in Sources */,
				15939DE7245A3586001F854E /* StateManager.swift in Sources */,
				15543ED62457421700DE5F94 /* SceneDelegate.swift in Sources */,
				15543EEA245742A300DE5F94 /* QuizModel.swift in Sources */,
				15939DE5245A13A3001F854E /* ResultViewController.swift in Sources */,
			);
			runOnlyForDeploymentPostprocessing = 0;
		};
/* End PBXSourcesBuildPhase section */

/* Begin PBXVariantGroup section */
		15543ED92457421700DE5F94 /* Main.storyboard */ = {
			isa = PBXVariantGroup;
			children = (
				15543EDA2457421700DE5F94 /* Base */,
			);
			name = Main.storyboard;
			sourceTree = "<group>";
		};
		15543EDE2457421B00DE5F94 /* LaunchScreen.storyboard */ = {
			isa = PBXVariantGroup;
			children = (
				15543EDF2457421B00DE5F94 /* Base */,
			);
			name = LaunchScreen.storyboard;
			sourceTree = "<group>";
		};
/* End PBXVariantGroup section */

/* Begin XCBuildConfiguration section */
		15543EE22457421B00DE5F94 /* Debug */ = {
			isa = XCBuildConfiguration;
			buildSettings = {
				ALWAYS_SEARCH_USER_PATHS = NO;
				CLANG_ANALYZER_NONNULL = YES;
				CLANG_ANALYZER_NUMBER_OBJECT_CONVERSION = YES_AGGRESSIVE;
				CLANG_CXX_LANGUAGE_STANDARD = "gnu++14";
				CLANG_CXX_LIBRARY = "libc++";
				CLANG_ENABLE_MODULES = YES;
				CLANG_ENABLE_OBJC_ARC = YES;
				CLANG_ENABLE_OBJC_WEAK = YES;
				CLANG_WARN_BLOCK_CAPTURE_AUTORELEASING = YES;
				CLANG_WARN_BOOL_CONVERSION = YES;
				CLANG_WARN_COMMA = YES;
				CLANG_WARN_CONSTANT_CONVERSION = YES;
				CLANG_WARN_DEPRECATED_OBJC_IMPLEMENTATIONS = YES;
				CLANG_WARN_DIRECT_OBJC_ISA_USAGE = YES_ERROR;
				CLANG_WARN_DOCUMENTATION_COMMENTS = YES;
				CLANG_WARN_EMPTY_BODY = YES;
				CLANG_WARN_ENUM_CONVERSION = YES;
				CLANG_WARN_INFINITE_RECURSION = YES;
				CLANG_WARN_INT_CONVERSION = YES;
				CLANG_WARN_NON_LITERAL_NULL_CONVERSION = YES;
				CLANG_WARN_OBJC_IMPLICIT_RETAIN_SELF = YES;
				CLANG_WARN_OBJC_LITERAL_CONVERSION = YES;
				CLANG_WARN_OBJC_ROOT_CLASS = YES_ERROR;
				CLANG_WARN_RANGE_LOOP_ANALYSIS = YES;
				CLANG_WARN_STRICT_PROTOTYPES = YES;
				CLANG_WARN_SUSPICIOUS_MOVE = YES;
				CLANG_WARN_UNGUARDED_AVAILABILITY = YES_AGGRESSIVE;
				CLANG_WARN_UNREACHABLE_CODE = YES;
				CLANG_WARN__DUPLICATE_METHOD_MATCH = YES;
				COPY_PHASE_STRIP = NO;
				DEBUG_INFORMATION_FORMAT = dwarf;
				ENABLE_STRICT_OBJC_MSGSEND = YES;
				ENABLE_TESTABILITY = YES;
				GCC_C_LANGUAGE_STANDARD = gnu11;
				GCC_DYNAMIC_NO_PIC = NO;
				GCC_NO_COMMON_BLOCKS = YES;
				GCC_OPTIMIZATION_LEVEL = 0;
				GCC_PREPROCESSOR_DEFINITIONS = (
					"DEBUG=1",
					"$(inherited)",
				);
				GCC_WARN_64_TO_32_BIT_CONVERSION = YES;
				GCC_WARN_ABOUT_RETURN_TYPE = YES_ERROR;
				GCC_WARN_UNDECLARED_SELECTOR = YES;
				GCC_WARN_UNINITIALIZED_AUTOS = YES_AGGRESSIVE;
				GCC_WARN_UNUSED_FUNCTION = YES;
				GCC_WARN_UNUSED_VARIABLE = YES;
				IPHONEOS_DEPLOYMENT_TARGET = 13.1;
				MTL_ENABLE_DEBUG_INFO = INCLUDE_SOURCE;
				MTL_FAST_MATH = YES;
				ONLY_ACTIVE_ARCH = YES;
				SDKROOT = iphoneos;
				SWIFT_ACTIVE_COMPILATION_CONDITIONS = DEBUG;
				SWIFT_OPTIMIZATION_LEVEL = "-Onone";
			};
			name = Debug;
		};
		15543EE32457421B00DE5F94 /* Release */ = {
			isa = XCBuildConfiguration;
			buildSettings = {
				ALWAYS_SEARCH_USER_PATHS = NO;
				CLANG_ANALYZER_NONNULL = YES;
				CLANG_ANALYZER_NUMBER_OBJECT_CONVERSION = YES_AGGRESSIVE;
				CLANG_CXX_LANGUAGE_STANDARD = "gnu++14";
				CLANG_CXX_LIBRARY = "libc++";
				CLANG_ENABLE_MODULES = YES;
				CLANG_ENABLE_OBJC_ARC = YES;
				CLANG_ENABLE_OBJC_WEAK = YES;
				CLANG_WARN_BLOCK_CAPTURE_AUTORELEASING = YES;
				CLANG_WARN_BOOL_CONVERSION = YES;
				CLANG_WARN_COMMA = YES;
				CLANG_WARN_CONSTANT_CONVERSION = YES;
				CLANG_WARN_DEPRECATED_OBJC_IMPLEMENTATIONS = YES;
				CLANG_WARN_DIRECT_OBJC_ISA_USAGE = YES_ERROR;
				CLANG_WARN_DOCUMENTATION_COMMENTS = YES;
				CLANG_WARN_EMPTY_BODY = YES;
				CLANG_WARN_ENUM_CONVERSION = YES;
				CLANG_WARN_INFINITE_RECURSION = YES;
				CLANG_WARN_INT_CONVERSION = YES;
				CLANG_WARN_NON_LITERAL_NULL_CONVERSION = YES;
				CLANG_WARN_OBJC_IMPLICIT_RETAIN_SELF = YES;
				CLANG_WARN_OBJC_LITERAL_CONVERSION = YES;
				CLANG_WARN_OBJC_ROOT_CLASS = YES_ERROR;
				CLANG_WARN_RANGE_LOOP_ANALYSIS = YES;
				CLANG_WARN_STRICT_PROTOTYPES = YES;
				CLANG_WARN_SUSPICIOUS_MOVE = YES;
				CLANG_WARN_UNGUARDED_AVAILABILITY = YES_AGGRESSIVE;
				CLANG_WARN_UNREACHABLE_CODE = YES;
				CLANG_WARN__DUPLICATE_METHOD_MATCH = YES;
				COPY_PHASE_STRIP = NO;
				DEBUG_INFORMATION_FORMAT = "dwarf-with-dsym";
				ENABLE_NS_ASSERTIONS = NO;
				ENABLE_STRICT_OBJC_MSGSEND = YES;
				GCC_C_LANGUAGE_STANDARD = gnu11;
				GCC_NO_COMMON_BLOCKS = YES;
				GCC_WARN_64_TO_32_BIT_CONVERSION = YES;
				GCC_WARN_ABOUT_RETURN_TYPE = YES_ERROR;
				GCC_WARN_UNDECLARED_SELECTOR = YES;
				GCC_WARN_UNINITIALIZED_AUTOS = YES_AGGRESSIVE;
				GCC_WARN_UNUSED_FUNCTION = YES;
				GCC_WARN_UNUSED_VARIABLE = YES;
				IPHONEOS_DEPLOYMENT_TARGET = 13.1;
				MTL_ENABLE_DEBUG_INFO = NO;
				MTL_FAST_MATH = YES;
				SDKROOT = iphoneos;
				SWIFT_COMPILATION_MODE = wholemodule;
				SWIFT_OPTIMIZATION_LEVEL = "-O";
				VALIDATE_PRODUCT = YES;
			};
			name = Release;
		};
		15543EE52457421B00DE5F94 /* Debug */ = {
			isa = XCBuildConfiguration;
			buildSettings = {
				ASSETCATALOG_COMPILER_APPICON_NAME = AppIcon;
				CODE_SIGN_STYLE = Automatic;
				INFOPLIST_FILE = QuizApp/Info.plist;
				LD_RUNPATH_SEARCH_PATHS = (
					"$(inherited)",
					"@executable_path/Frameworks",
				);
				PRODUCT_BUNDLE_IDENTIFIER = com.lsp.QuizApp;
				PRODUCT_NAME = "$(TARGET_NAME)";
				SWIFT_VERSION = 5.0;
				TARGETED_DEVICE_FAMILY = "1,2";
			};
			name = Debug;
		};
		15543EE62457421B00DE5F94 /* Release */ = {
			isa = XCBuildConfiguration;
			buildSettings = {
				ASSETCATALOG_COMPILER_APPICON_NAME = AppIcon;
				CODE_SIGN_STYLE = Automatic;
				INFOPLIST_FILE = QuizApp/Info.plist;
				LD_RUNPATH_SEARCH_PATHS = (
					"$(inherited)",
					"@executable_path/Frameworks",
				);
				PRODUCT_BUNDLE_IDENTIFIER = com.lsp.QuizApp;
				PRODUCT_NAME = "$(TARGET_NAME)";
				SWIFT_VERSION = 5.0;
				TARGETED_DEVICE_FAMILY = "1,2";
			};
			name = Release;
		};
/* End XCBuildConfiguration section */

/* Begin XCConfigurationList section */
		15543ECB2457421700DE5F94 /* Build configuration list for PBXProject "QuizApp" */ = {
			isa = XCConfigurationList;
			buildConfigurations = (
				15543EE22457421B00DE5F94 /* Debug */,
				15543EE32457421B00DE5F94 /* Release */,
			);
			defaultConfigurationIsVisible = 0;
			defaultConfigurationName = Release;
		};
		15543EE42457421B00DE5F94 /* Build configuration list for PBXNativeTarget "QuizApp" */ = {
			isa = XCConfigurationList;
			buildConfigurations = (
				15543EE52457421B00DE5F94 /* Debug */,
				15543EE62457421B00DE5F94 /* Release */,
			);
			defaultConfigurationIsVisible = 0;
			defaultConfigurationName = Release;
		};
/* End XCConfigurationList section */
	};
	rootObject = 15543EC82457421700DE5F94 /* Project object */;
}
